# Generated by `curate_pretraining_corpus.py run` (and `status --adopt`); do not edit.
# One entry per unit: the lineage its sentinel recorded when it was built.
convert:
  classla_web_sl:
    config_hash: sha256:b778b181eb0e6bbcb4f67b0538ecf1a3a14f0b21ea63aaf40cca968ed8288cc1
    stage_version: 1
    input_digest: sha256:4268f027100fe934f5a7b6d8b59676f8da3b7166f9661768bc6c48d5f81a13fd
    document_digest: sum256:1e19baec0ecc15913d4d9a6abcdb46f2829dc8d29aed6a855890ddce43ab9e0c
    records_in: 4790039
    records_out: 4790039
  classlawiki_sl:
    config_hash: sha256:b778b181eb0e6bbcb4f67b0538ecf1a3a14f0b21ea63aaf40cca968ed8288cc1
    stage_version: 1
    input_digest: sha256:83c292aa9f91b0bd497a6250ca3cc90f13e25d35e1257765b133edd0cbe48ad9
    document_digest: sum256:34d31fd799a0c8246c743232fdf68e782060da4e2860d3bbc6302a90fb505e01
    records_in: 169768
    records_out: 169768
  macocu_sl:
    config_hash: sha256:b778b181eb0e6bbcb4f67b0538ecf1a3a14f0b21ea63aaf40cca968ed8288cc1
    stage_version: 1
    input_digest: sha256:457b9883e0d818451766cc78cb05b9e85a81d0c5feae5874b8f418758f90682b
    document_digest: sum256:5b3e9774e983f0c1984da2f8897a3d08b5dfcdb132e453a4a6a308698014f346
    records_in: 6302486
    records_out: 6302486
  parlamint_si:
    config_hash: sha256:b778b181eb0e6bbcb4f67b0538ecf1a3a14f0b21ea63aaf40cca968ed8288cc1
    stage_version: 1
    input_digest: sha256:0e0ca39b85e44f6526285e29ffc90851fdfe0ad680ceb8633b3c65769d2b2f56
    document_digest: sum256:5859a3d48387477864dab437bd925e3e178e13f6de5f8ff677889705d1f8f7df
    records_in: 311347
    records_out: 311347
  kas:
    config_hash: sha256:b778b181eb0e6bbcb4f67b0538ecf1a3a14f0b21ea63aaf40cca968ed8288cc1
    stage_version: 1
    input_digest: sha256:1b29ad8280f0f36b0c2abc3fd4cdd7fcc7d3f5156e776e130861f4cb894e235b
    document_digest: sum256:6e2b10eddc9464caeed89e2f9ee67a8b91e13df01a8ff3015550ded322232243
    records_in: 82303
    records_out: 82303
  coleslaw:
    config_hash: sha256:b778b181eb0e6bbcb4f67b0538ecf1a3a14f0b21ea63aaf40cca968ed8288cc1
    stage_version: 1
    input_digest: sha256:d07ba65cc3640645e100bc94123b40bf8eb09a08ac229f86be2926dbcd48500b
    document_digest: sum256:71205cc16ce62b63c9ae0da5848bee1473a786bb23126899461171f581d370b4
    records_in: 547888
    records_out: 547888
  povejmo_vemo_med:
    config_hash: sha256:b778b181eb0e6bbcb4f67b0538ecf1a3a14f0b21ea63aaf40cca968ed8288cc1
    stage_version: 1
    input_digest: sha256:3b3e9adc0e12ec7c7d00548931abeb746116d9efda8d86a60b1b8b87a7f6a4ba
    document_digest: sum256:ffd334a959536f4e87f405416579ca9ba90bbd9206790530ed5a001a21f69b0b
    records_in: 23542
    records_out: 23542
  oss:
    config_hash: sha256:b778b181eb0e6bbcb4f67b0538ecf1a3a14f0b21ea63aaf40cca968ed8288cc1
    stage_version: 1
    input_digest: sha256:ce52a4c94263fac9a667ce81f6c8592d04519c944d46a5bed3b9c259d41835fb
    document_digest: sum256:1e54ec212fcfd3beeaceb6586122c9e7e45db39d8d703e1ef9cf468ab4ed55a4
    records_in: 90232
    records_out: 90232
  siparl:
    config_hash: sha256:b778b181eb0e6bbcb4f67b0538ecf1a3a14f0b21ea63aaf40cca968ed8288cc1
    stage_version: 1
    input_digest: sha256:977b2e40470056a3a84c9358c6d96a922e40dd42ee9ec2124a3356d00c22d342
    document_digest: sum256:4272ab2767841c2bc31eb9dfd85b0b5c5efb4a48b8a80ea8e76bc54ca2baac77
    records_in: 1221194
    records_out: 1221194
  janes_forum:
    config_hash: sha256:b778b181eb0e6bbcb4f67b0538ecf1a3a14f0b21ea63aaf40cca968ed8288cc1
    stage_version: 1
    input_digest: sha256:0b0c15d13840c093b83b82cf3bc110eac78b5f4da7d418f99a54085f81af813d
    document_digest: sum256:0000000000000000000000000000000000000000000000000000000000000000
    records_in: 0
    records_out: 0
  janes_blog:
    config_hash: sha256:b778b181eb0e6bbcb4f67b0538ecf1a3a14f0b21ea63aaf40cca968ed8288cc1
    stage_version: 1
    input_digest: sha256:18ebe985793ee015a5d4dbe4fa135d6ebafda2a7dedc6af7243838f73d101f95
    document_digest: sum256:0000000000000000000000000000000000000000000000000000000000000000
    records_in: 0
    records_out: 0
  janes_news:
    config_hash: sha256:b778b181eb0e6bbcb4f67b0538ecf1a3a14f0b21ea63aaf40cca968ed8288cc1
    stage_version: 1
    input_digest: sha256:5dd8ade9b1e168af04042f5836d8395d4099fc56e4b656370c89b1c2979c32a1
    document_digest: sum256:0000000000000000000000000000000000000000000000000000000000000000
    records_in: 0
    records_out: 0
  kzb:
    config_hash: sha256:b778b181eb0e6bbcb4f67b0538ecf1a3a14f0b21ea63aaf40cca968ed8288cc1
    stage_version: 1
    input_digest: sha256:79f91fb6b201780db893a4bff4857348dc20e7bd68bc74b33382a747c12bd516
    document_digest: sum256:aee48ca7595b800239ac51c3a30929419407e5702462784e4dd5504c66c80eb6
    records_in: 884
    records_out: 884
  solar:
    config_hash: sha256:b778b181eb0e6bbcb4f67b0538ecf1a3a14f0b21ea63aaf40cca968ed8288cc1
    stage_version: 1
    input_digest: sha256:029d96a619f80e73d278ee1a2af7c702902d46c49660cffc02873bbdbba188a1
    document_digest: sum256:9a96c5c104574a36ccbb560a9d6164bf14b8bd3cdafa3a29351f587df641ba49
    records_in: 10970
    records_out: 10970
  finepdf:
    config_hash: sha256:b778b181eb0e6bbcb4f67b0538ecf1a3a14f0b21ea63aaf40cca968ed8288cc1
    stage_version: 1
    input_digest: sha256:df87d279003899bbed4d21bd8842322316afba045dfab36d9ee4ea09673745ff
    document_digest: sum256:f32da4b95f58d79058b6de8e6f0022ca71c4f060459f369416c4111dee47d9f3
    records_in: 932097
    records_out: 932097
  fineweb2:
    config_hash: sha256:b778b181eb0e6bbcb4f67b0538ecf1a3a14f0b21ea63aaf40cca968ed8288cc1
    stage_version: 1
    input_digest: sha256:2d99ce7c29cabce6f4fff35500fd9f26e4a59d944ae1ec5b0fc4ccf164309fe0
    document_digest: sum256:c290d2013157fe4a1e1e5214c8748072d083a4685da0789100052fa93146bee7
    records_in: 12091577
    records_out: 12091577
  culturax:
    config_hash: sha256:b778b181eb0e6bbcb4f67b0538ecf1a3a14f0b21ea63aaf40cca968ed8288cc1
    stage_version: 1
    input_digest: sha256:1552b902027dda31a24585f5e608de301b5692e404592b2ac3835435b6c9ef5d
    document_digest: sum256:508b72e715a3336653a670f2c56fd06b037c248103f2e1dc332b195e38d16b79
    records_in: 7335377
    records_out: 7335377
  legal_mc4:
    config_hash: sha256:b778b181eb0e6bbcb4f67b0538ecf1a3a14f0b21ea63aaf40cca968ed8288cc1
    stage_version: 1
    input_digest: sha256:b7fbb37df33f0e46e88befbfcf154566760258afdd651be663d455dd158c9a35
    document_digest: sum256:30d2f2d790d785132711c4452b5d2e4e40b182a7af67c7668b99ad1b98440705
    records_in: 16297
    records_out: 16297
  slovenian_news:
    config_hash: sha256:b778b181eb0e6bbcb4f67b0538ecf1a3a14f0b21ea63aaf40cca968ed8288cc1
    stage_version: 1
    input_digest: sha256:ffb24c890dcffd527a121633536c4982dfedeb276dd2e0291f81ecf8846a2baf
    document_digest: sum256:3f178208cd3147d3911128525c95702d5b706949bcd9410d0a13926cf68ab3bd
    records_in: 3502079
    records_out: 3502079
  c4:
    config_hash: sha256:b778b181eb0e6bbcb4f67b0538ecf1a3a14f0b21ea63aaf40cca968ed8288cc1
    stage_version: 1
    input_digest: sha256:9b98a29ea1bd289a227e0e8ad60b366d20bc5aa24e83a9c2cf0642beb390713c
    document_digest: sum256:7365f3b499dee36c0f82e0aeaec85e943223012d1b8e02786c8f695d6c2a777b
    records_in: 8507960
    records_out: 8507960
  hplt:
    config_hash: sha256:b778b181eb0e6bbcb4f67b0538ecf1a3a14f0b21ea63aaf40cca968ed8288cc1
    stage_version: 1
    input_digest: sha256:a1b093d428c5168574bfeee6b0913109e4a69cb5f2ff577321d59c0b2c84363f
    document_digest: sum256:b4dd132857095982d1a39161b4a53a5fc4880057c08cc9adedca0b4418c77f70
    records_in: 10277173
    records_out: 10277173
  cc100:
    config_hash: sha256:b778b181eb0e6bbcb4f67b0538ecf1a3a14f0b21ea63aaf40cca968ed8288cc1
    stage_version: 1
    input_digest: sha256:bf7971ec1a26b1b9a3f4b53e91c3294a2cabc8ce948856749199e07fd926b7db
    document_digest: sum256:ab12c705ff5b819cb7cb201978a336dc4301ea0d094ffb3c9828bec68287c289
    records_in: 6240359
    records_out: 6240359
  gigafida:
    config_hash: sha256:b778b181eb0e6bbcb4f67b0538ecf1a3a14f0b21ea63aaf40cca968ed8288cc1
    stage_version: 1
    input_digest: sha256:40bc9604bf544cb0295e90766ba2345015905ec4257161d883bd0af223dacf3c
    document_digest: sum256:279f190a9beab04197884f5b224533f5ebdf547c72c1491f389e0de223bf1488
    records_in: 736267
    records_out: 736267
  ssj500k:
    config_hash: sha256:b778b181eb0e6bbcb4f67b0538ecf1a3a14f0b21ea63aaf40cca968ed8288cc1
    stage_version: 1
    input_digest: sha256:9e53eba7d72729dc9270240b68b146fb7e3908b9918970c79223743a12497ffb
    document_digest: sum256:1f767687b1e6648ca230d2a302dd93cc8daa29608250938f38110237ecfadf28
    records_in: 1658
    records_out: 1658
  suk:
    config_hash: sha256:b778b181eb0e6bbcb4f67b0538ecf1a3a14f0b21ea63aaf40cca968ed8288cc1
    stage_version: 1
    input_digest: sha256:ef3e7e27bc1dd16e0097cb837efa5747e8a3f7a6cfa597bd65606c58d72340a3
    document_digest: sum256:64a0306ccb53f9e1eb936413f084b98ab651df0230bb3eb871b619043d9f02c8
    records_in: 5816
    records_out: 5816
language:
  classla_web_sl:
    config_hash: sha256:61bfefcf6fdd81494cc568cd309ff5cc72f58a77c81b7e2f229061c3064dcf69
    stage_version: 1
    input_digest: sum256:1e19baec0ecc15913d4d9a6abcdb46f2829dc8d29aed6a855890ddce43ab9e0c
    document_digest: sum256:f06dfd3d6cde4eb95bb4330f07d811128a2fed1d80bfec508289edb6345b8b6a
    records_in: 4790039
    records_out: 4786006
  classlawiki_sl:
    config_hash: sha256:61bfefcf6fdd81494cc568cd309ff5cc72f58a77c81b7e2f229061c3064dcf69
    stage_version: 1
    input_digest: sum256:34d31fd799a0c8246c743232fdf68e782060da4e2860d3bbc6302a90fb505e01
    document_digest: sum256:9c57ed5120100d4b2eaeed5fd418db8fda605a1636b3c6d52b4e72cd87b94aa0
    records_in: 169768
    records_out: 157988
  macocu_sl:
    config_hash: sha256:61bfefcf6fdd81494cc568cd309ff5cc72f58a77c81b7e2f229061c3064dcf69
    stage_version: 1
    input_digest: sum256:5b3e9774e983f0c1984da2f8897a3d08b5dfcdb132e453a4a6a308698014f346
    document_digest: sum256:e1a03b68937464ee4c23759a82050509d992c0c7d333976b69639d2051934130
    records_in: 6302486
    records_out: 6218407
  parlamint_si:
    config_hash: sha256:61bfefcf6fdd81494cc568cd309ff5cc72f58a77c81b7e2f229061c3064dcf69
    stage_version: 1
    input_digest: sum256:5859a3d48387477864dab437bd925e3e178e13f6de5f8ff677889705d1f8f7df
    document_digest: sum256:e8dd9c89507ca02b5adf297598b200c26e923a273ff863ed7344ed7708780b75
    records_in: 311347
    records_out: 293482
  kas:
    config_hash: sha256:61bfefcf6fdd81494cc568cd309ff5cc72f58a77c81b7e2f229061c3064dcf69
    stage_version: 1
    input_digest: sum256:6e2b10eddc9464caeed89e2f9ee67a8b91e13df01a8ff3015550ded322232243
    document_digest: sum256:e1668c663bf3e5178f2843ccfa432ebaa2f941f5b7f6796ff5bcc1013f92f1b6
    records_in: 82303
    records_out: 82286
  coleslaw:
    config_hash: sha256:61bfefcf6fdd81494cc568cd309ff5cc72f58a77c81b7e2f229061c3064dcf69
    stage_version: 1
    input_digest: sum256:71205cc16ce62b63c9ae0da5848bee1473a786bb23126899461171f581d370b4
    document_digest: sum256:3549d1e00ea62c51908bf58e9ff0f26cadec80c4517c7efa46afb783aebf464f
    records_in: 547888
    records_out: 540384
  povejmo_vemo_med:
    config_hash: sha256:61bfefcf6fdd81494cc568cd309ff5cc72f58a77c81b7e2f229061c3064dcf69
    stage_version: 1
    input_digest: sum256:ffd334a959536f4e87f405416579ca9ba90bbd9206790530ed5a001a21f69b0b
    document_digest: sum256:42bb54d05f7aa7bc1543e6d8893b4b0db96594b84566881daddc791704ba14fe
    records_in: 23542
    records_out: 47060
  oss:
    config_hash: sha256:61bfefcf6fdd81494cc568cd309ff5cc72f58a77c81b7e2f229061c3064dcf69
    stage_version: 1
    input_digest: sum256:1e54ec212fcfd3beeaceb6586122c9e7e45db39d8d703e1ef9cf468ab4ed55a4
    document_digest: sum256:5c20dfac66ef4bef36d360617b7d88af7eb3fd452263c37a521f0bc165fa2e1c
    records_in: 90232
    records_out: 96340
  siparl:
    config_hash: sha256:61bfefcf6fdd81494cc568cd309ff5cc72f58a77c81b7e2f229061c3064dcf69
    stage_version: 1
    input_digest: sum256:4272ab2767841c2bc31eb9dfd85b0b5c5efb4a48b8a80ea8e76bc54ca2baac77
    document_digest: sum256:33347f96dee79f4de0c4b2b7766b2d885db3bd27fa0ec814d03d5a2da66c61a4
    records_in: 1221194
    records_out: 1124739
  kzb:
    config_hash: sha256:61bfefcf6fdd81494cc568cd309ff5cc72f58a77c81b7e2f229061c3064dcf69
    stage_version: 1
    input_digest: sum256:aee48ca7595b800239ac51c3a30929419407e5702462784e4dd5504c66c80eb6
    document_digest: sum256:b83c17df48e190907668dbbea9424a768b7cbef79059e9b29789406fd2d71b3e
    records_in: 884
    records_out: 1768
  solar:
    config_hash: sha256:61bfefcf6fdd81494cc568cd309ff5cc72f58a77c81b7e2f229061c3064dcf69
    stage_version: 1
    input_digest: sum256:9a96c5c104574a36ccbb560a9d6164bf14b8bd3cdafa3a29351f587df641ba49
    document_digest: sum256:2f1e99b423babab94c07fd8b61647937f7de51903e2cca4b43c5ef3a8c955164
    records_in: 10970
    records_out: 21838
  finepdf:
    config_hash: sha256:61bfefcf6fdd81494cc568cd309ff5cc72f58a77c81b7e2f229061c3064dcf69
    stage_version: 1
    input_digest: sum256:f32da4b95f58d79058b6de8e6f0022ca71c4f060459f369416c4111dee47d9f3
    document_digest: sum256:dae0cbeccd1df8fb090b80a0269405b13f70ef227e7c463610cfe0cb6de033e3
    records_in: 932097
    records_out: 926347
  fineweb2:
    config_hash: sha256:61bfefcf6fdd81494cc568cd309ff5cc72f58a77c81b7e2f229061c3064dcf69
    stage_version: 1
    input_digest: sum256:c290d2013157fe4a1e1e5214c8748072d083a4685da0789100052fa93146bee7
    document_digest: sum256:6707143b9eed583b8fe85cb8f7a9564de2293726b885d671391001cb2811131e
    records_in: 12091577
    records_out: 12051265
  culturax:
    config_hash: sha256:61bfefcf6fdd81494cc568cd309ff5cc72f58a77c81b7e2f229061c3064dcf69
    stage_version: 1
    input_digest: sum256:508b72e715a3336653a670f2c56fd06b037c248103f2e1dc332b195e38d16b79
    document_digest: sum256:ce578d8976bc267195308f40c3076185098849673de9c05ad4fde30556182892
    records_in: 7335377
    records_out: 7332178
  legal_mc4:
    config_hash: sha256:61bfefcf6fdd81494cc568cd309ff5cc72f58a77c81b7e2f229061c3064dcf69
    stage_version: 1
    input_digest: sum256:30d2f2d790d785132711c4452b5d2e4e40b182a7af67c7668b99ad1b98440705
    document_digest: sum256:626188e4b9a040d05eb6cb3192aaa51255b95e69269e53403a376b265e40b274
    records_in: 16297
    records_out: 32514
  slovenian_news:
    config_hash: sha256:61bfefcf6fdd81494cc568cd309ff5cc72f58a77c81b7e2f229061c3064dcf69
    stage_version: 1
    input_digest: sum256:3f178208cd3147d3911128525c95702d5b706949bcd9410d0a13926cf68ab3bd
    document_digest: sum256:d41445b198801f31c5c32ae27f0a4584ae7b751327e911efb3e730996e3316a1
    records_in: 3502079
    records_out: 3494088
  c4:
    config_hash: sha256:61bfefcf6fdd81494cc568cd309ff5cc72f58a77c81b7e2f229061c3064dcf69
    stage_version: 1
    input_digest: sum256:7365f3b499dee36c0f82e0aeaec85e943223012d1b8e02786c8f695d6c2a777b
    document_digest: sum256:0d17e9e89a32c71d90c5e31c6b2d196238639c54dd2b88da5dc066211dfa9400
    records_in: 8507960
    records_out: 7973899
  hplt:
    config_hash: sha256:61bfefcf6fdd81494cc568cd309ff5cc72f58a77c81b7e2f229061c3064dcf69
    stage_version: 1
    input_digest: sum256:b4dd132857095982d1a39161b4a53a5fc4880057c08cc9adedca0b4418c77f70
    document_digest: sum256:db8ab3fdf16ed494e1b971096305f35c7cd9ee2c4dd097d3f76f7211f28e85a4
    records_in: 10277173
    records_out: 10259476
  cc100:
    config_hash: sha256:61bfefcf6fdd81494cc568cd309ff5cc72f58a77c81b7e2f229061c3064dcf69
    stage_version: 1
    input_digest: sum256:ab12c705ff5b819cb7cb201978a336dc4301ea0d094ffb3c9828bec68287c289
    document_digest: sum256:f9baa78da15f38119856353b5e0466835db92143ab7814f937c3aeeb5a2b3383
    records_in: 6240359
    records_out: 5918305
  gigafida:
    config_hash: sha256:61bfefcf6fdd81494cc568cd309ff5cc72f58a77c81b7e2f229061c3064dcf69
    stage_version: 1
    input_digest: sum256:279f190a9beab04197884f5b224533f5ebdf547c72c1491f389e0de223bf1488
    document_digest: sum256:7007d7c67db6f2407996193e8c9b342ac85a4f81f3869cd66bd874eb59957f11
    records_in: 736267
    records_out: 732452
  ssj500k:
    config_hash: sha256:61bfefcf6fdd81494cc568cd309ff5cc72f58a77c81b7e2f229061c3064dcf69
    stage_version: 1
    input_digest: sum256:1f767687b1e6648ca230d2a302dd93cc8daa29608250938f38110237ecfadf28
    document_digest: sum256:d4b048cb0f22764b1a585919f719cdb81c6de6b4c49d76918044548454abccbc
    records_in: 1658
    records_out: 3300
  suk:
    config_hash: sha256:61bfefcf6fdd81494cc568cd309ff5cc72f58a77c81b7e2f229061c3064dcf69
    stage_version: 1
    input_digest: sum256:64a0306ccb53f9e1eb936413f084b98ab651df0230bb3eb871b619043d9f02c8
    document_digest: sum256:181d83a7625f12c8f1c4f10645f8dc91a19f26ca41eba0a907b75b79834a499c
    records_in: 5816
    records_out: 11564
spam:
  classla_web_sl:
    config_hash: sha256:be66c5048558ce80e983b10da8a76d016b130ccb34ac02d67cd3aef7a94c314a
    stage_version: 1
    input_digest: sum256:f06dfd3d6cde4eb95bb4330f07d811128a2fed1d80bfec508289edb6345b8b6a
    document_digest: sum256:35eb9a6c7eb5a17a74bae3c1aca4dd8645ddd42263ea533fade494a777a9e4b4
    records_in: 4786006
    records_out: 4734355
  classlawiki_sl:
    config_hash: sha256:be66c5048558ce80e983b10da8a76d016b130ccb34ac02d67cd3aef7a94c314a
    stage_version: 1
    input_digest: sum256:9c57ed5120100d4b2eaeed5fd418db8fda605a1636b3c6d52b4e72cd87b94aa0
    document_digest: sum256:b8900d7588821cc7fdf16830b034942f6921606d57b1314bdad4c2b247d78260
    records_in: 157988
    records_out: 157661
  macocu_sl:
    config_hash: sha256:be66c5048558ce80e983b10da8a76d016b130ccb34ac02d67cd3aef7a94c314a
    stage_version: 1
    input_digest: sum256:e1a03b68937464ee4c23759a82050509d992c0c7d333976b69639d2051934130
    document_digest: sum256:a6d2bfd435f167e0b5da4c20dbdf18a262c318034a54a042e8653442949feaf5
    records_in: 6218407
    records_out: 6178418
  parlamint_si:
    config_hash: sha256:be66c5048558ce80e983b10da8a76d016b130ccb34ac02d67cd3aef7a94c314a
    stage_version: 1
    input_digest: sum256:e8dd9c89507ca02b5adf297598b200c26e923a273ff863ed7344ed7708780b75
    document_digest: sum256:589db8045a31b972cad7dc5694dc07d6513f2191631cacc35748aa29b720c290
    records_in: 293482
    records_out: 292865
  kas:
    config_hash: sha256:be66c5048558ce80e983b10da8a76d016b130ccb34ac02d67cd3aef7a94c314a
    stage_version: 1
    input_digest: sum256:e1668c663bf3e5178f2843ccfa432ebaa2f941f5b7f6796ff5bcc1013f92f1b6
    document_digest: sum256:78bb54d28dfed401c6889ad00fc8944c35eaa7f9851e8baa01c6f8c8c8ce332e
    records_in: 82286
    records_out: 76753
  coleslaw:
    config_hash: sha256:be66c5048558ce80e983b10da8a76d016b130ccb34ac02d67cd3aef7a94c314a
    stage_version: 1
    input_digest: sum256:3549d1e00ea62c51908bf58e9ff0f26cadec80c4517c7efa46afb783aebf464f
    document_digest: sum256:ee81a9aa68de399868709d233e1c26bc8f691db9704d5aec2d0618638a48b28e
    records_in: 540384
    records_out: 539132
  povejmo_vemo_med:
    config_hash: sha256:be66c5048558ce80e983b10da8a76d016b130ccb34ac02d67cd3aef7a94c314a
    stage_version: 1
    input_digest: sum256:42bb54d05f7aa7bc1543e6d8893b4b0db96594b84566881daddc791704ba14fe
    document_digest: sum256:eee587b93b513db68a94e4504b3b3889674acc40a5e46c0c54fee23a54728030
    records_in: 47060
    records_out: 45770
  oss:
    config_hash: sha256:be66c5048558ce80e983b10da8a76d016b130ccb34ac02d67cd3aef7a94c314a
    stage_version: 1
    input_digest: sum256:5c20dfac66ef4bef36d360617b7d88af7eb3fd452263c37a521f0bc165fa2e1c
    document_digest: sum256:4c7e1d3d9057be3ef2665a4065ef34cc227f08ff6da691b711250f1032ee4fe7
    records_in: 96340
    records_out: 89082
  siparl:
    config_hash: sha256:be66c5048558ce80e983b10da8a76d016b130ccb34ac02d67cd3aef7a94c314a
    stage_version: 1
    input_digest: sum256:33347f96dee79f4de0c4b2b7766b2d885db3bd27fa0ec814d03d5a2da66c61a4
    document_digest: sum256:6b4774c07abfc87d8ae25bc5493b6c5872bb729246624a9d8edca2ce8b9cb296
    records_in: 1124739
    records_out: 1122032
  kzb:
    config_hash: sha256:be66c5048558ce80e983b10da8a76d016b130ccb34ac02d67cd3aef7a94c314a
    stage_version: 1
    input_digest: sum256:b83c17df48e190907668dbbea9424a768b7cbef79059e9b29789406fd2d71b3e
    document_digest: sum256:254c2bac59c48bb8ad527e200f2fced21ae6f30cbcbb79841860916701cd40ea
    records_in: 1768
    records_out: 1544
  solar:
    config_hash: sha256:be66c5048558ce80e983b10da8a76d016b130ccb34ac02d67cd3aef7a94c314a
    stage_version: 1
    input_digest: sum256:2f1e99b423babab94c07fd8b61647937f7de51903e2cca4b43c5ef3a8c955164
    document_digest: sum256:3e1bf33e86ec195063e940e7a510ec245a8d9aa4861a4db861b38117664491ac
    records_in: 21838
    records_out: 21670
  finepdf:
    config_hash: sha256:be66c5048558ce80e983b10da8a76d016b130ccb34ac02d67cd3aef7a94c314a
    stage_version: 1
    input_digest: sum256:dae0cbeccd1df8fb090b80a0269405b13f70ef227e7c463610cfe0cb6de033e3
    document_digest: sum256:1874227de78290838d7b092b605e9c2140113376af6206456921edff88b1d879
    records_in: 926347
    records_out: 912087
  fineweb2:
    config_hash: sha256:be66c5048558ce80e983b10da8a76d016b130ccb34ac02d67cd3aef7a94c314a
    stage_version: 1
    input_digest: sum256:6707143b9eed583b8fe85cb8f7a9564de2293726b885d671391001cb2811131e
    document_digest: sum256:41059e986c25d78dbc8432038bbe0d25038d62244c317a639ab6e740ead84191
    records_in: 12051265
    records_out: 11571574
  culturax:
    config_hash: sha256:be66c5048558ce80e983b10da8a76d016b130ccb34ac02d67cd3aef7a94c314a
    stage_version: 1
    input_digest: sum256:ce578d8976bc267195308f40c3076185098849673de9c05ad4fde30556182892
    document_digest: sum256:5a2ac86c213b16404c08357b9de77d6907858da8a4697544ceb1c9ba977198d4
    records_in: 7332178
    records_out: 7237427
  legal_mc4:
    config_hash: sha256:be66c5048558ce80e983b10da8a76d016b130ccb34ac02d67cd3aef7a94c314a
    stage_version: 1
    input_digest: sum256:626188e4b9a040d05eb6cb3192aaa51255b95e69269e53403a376b265e40b274
    document_digest: sum256:77a4f188fe523f3a506b83e9dd191873065f0d08d6804118e79f992368e24d32
    records_in: 32514
    records_out: 31644
  slovenian_news:
    config_hash: sha256:be66c5048558ce80e983b10da8a76d016b130ccb34ac02d67cd3aef7a94c314a
    stage_version: 1
    input_digest: sum256:d41445b198801f31c5c32ae27f0a4584ae7b751327e911efb3e730996e3316a1
    document_digest: sum256:0693b59fad1ae14a9bda8f6f4f94af6fd29ee9f4753db069a19608eeca720b12
    records_in: 3494088
    records_out: 3484737
  c4:
    config_hash: sha256:be66c5048558ce80e983b10da8a76d016b130ccb34ac02d67cd3aef7a94c314a
    stage_version: 1
    input_digest: sum256:0d17e9e89a32c71d90c5e31c6b2d196238639c54dd2b88da5dc066211dfa9400
    document_digest: sum256:e8a2e6046246fd918941ef6d0cd9c1924a3d86d3b7bd67f02047d08f081b15b6
    records_in: 7973899
    records_out: 7823195
  hplt:
    config_hash: sha256:be66c5048558ce80e983b10da8a76d016b130ccb34ac02d67cd3aef7a94c314a
    stage_version: 1
    input_digest: sum256:db8ab3fdf16ed494e1b971096305f35c7cd9ee2c4dd097d3f76f7211f28e85a4
    document_digest: sum256:b941e0849890d4116657ce22f5b4f2b7ca1fb8e0f7ed38e4716327b232fd47b0
    records_in: 10259476
    records_out: 10096054
  cc100:
    config_hash: sha256:be66c5048558ce80e983b10da8a76d016b130ccb34ac02d67cd3aef7a94c314a
    stage_version: 1
    input_digest: sum256:f9baa78da15f38119856353b5e0466835db92143ab7814f937c3aeeb5a2b3383
    document_digest: sum256:511c5e1a91a87d5533817d57bf2982dabf52e89ab3c85b8f251d418816f21198
    records_in: 5918305
    records_out: 5835558
  gigafida:
    config_hash: sha256:be66c5048558ce80e983b10da8a76d016b130ccb34ac02d67cd3aef7a94c314a
    stage_version: 1
    input_digest: sum256:7007d7c67db6f2407996193e8c9b342ac85a4f81f3869cd66bd874eb59957f11
    document_digest: sum256:4c08e67d56bea6dfae4a6c756eaadfbdcd51d572be1f1e9836edf6c206995fae
    records_in: 732452
    records_out: 720906
  ssj500k:
    config_hash: sha256:be66c5048558ce80e983b10da8a76d016b130ccb34ac02d67cd3aef7a94c314a
    stage_version: 1
    input_digest: sum256:d4b048cb0f22764b1a585919f719cdb81c6de6b4c49d76918044548454abccbc
    document_digest: sum256:a4d6395374d58cf1cb1e8fe20254550fa57ce9a30c8ebfc49feda153a271a0ce
    records_in: 3300
    records_out: 3280
  suk:
    config_hash: sha256:be66c5048558ce80e983b10da8a76d016b130ccb34ac02d67cd3aef7a94c314a
    stage_version: 1
    input_digest: sum256:181d83a7625f12c8f1c4f10645f8dc91a19f26ca41eba0a907b75b79834a499c
    document_digest: sum256:24f23606a6ed1e8879beb2538cc8039d886aff6ff2448ff927f00acdd53c0a5c
    records_in: 11564
    records_out: 11512
quality:
  classla_web_sl:
    config_hash: sha256:251baebbc90134c386dcb9c6630aaad6e682617e250667f8df7845344c8cb9de
    stage_version: 1
    input_digest: sum256:35eb9a6c7eb5a17a74bae3c1aca4dd8645ddd42263ea533fade494a777a9e4b4
    document_digest: sum256:7bf9d5fd6085df78f89e99f15194e64e955cdea34fa5eda5204e44d49b3bff90
    records_in: 4734355
    records_out: 3954198
  classlawiki_sl:
    config_hash: sha256:251baebbc90134c386dcb9c6630aaad6e682617e250667f8df7845344c8cb9de
    stage_version: 1
    input_digest: sum256:b8900d7588821cc7fdf16830b034942f6921606d57b1314bdad4c2b247d78260
    document_digest: sum256:7f161d79dd34d1e09e6cd71a3abd77bbc8921b93b99f44d5a3023245c890130e
    records_in: 157661
    records_out: 60017
  macocu_sl:
    config_hash: sha256:251baebbc90134c386dcb9c6630aaad6e682617e250667f8df7845344c8cb9de
    stage_version: 1
    input_digest: sum256:a6d2bfd435f167e0b5da4c20dbdf18a262c318034a54a042e8653442949feaf5
    document_digest: sum256:ab56257f2555f9ec3b4e4ca12ddfe35d492383d37f735d77987f2d8a59461cc5
    records_in: 6178418
    records_out: 4257617
  parlamint_si:
    config_hash: sha256:251baebbc90134c386dcb9c6630aaad6e682617e250667f8df7845344c8cb9de
    stage_version: 1
    input_digest: sum256:589db8045a31b972cad7dc5694dc07d6513f2191631cacc35748aa29b720c290
    document_digest: sum256:386be8a2d45b31e85e7d0cb7dba0249be732661499fea91d8af375022e4abdd1
    records_in: 292865
    records_out: 169944
  kas:
    config_hash: sha256:251baebbc90134c386dcb9c6630aaad6e682617e250667f8df7845344c8cb9de
    stage_version: 1
    input_digest: sum256:78bb54d28dfed401c6889ad00fc8944c35eaa7f9851e8baa01c6f8c8c8ce332e
    document_digest: sum256:4bd5dde9b35bb862badef3b1112b0b33585911959b7b5f2288fd3129d2646697
    records_in: 76753
    records_out: 52738
  coleslaw:
    config_hash: sha256:251baebbc90134c386dcb9c6630aaad6e682617e250667f8df7845344c8cb9de
    stage_version: 1
    input_digest: sum256:ee81a9aa68de399868709d233e1c26bc8f691db9704d5aec2d0618638a48b28e
    document_digest: sum256:0c61e8f5c03c87c891ba2274108a82e7e28be638e1ff26ccc2c740ef39e2aaa6
    records_in: 539132
    records_out: 276912
  povejmo_vemo_med:
    config_hash: sha256:251baebbc90134c386dcb9c6630aaad6e682617e250667f8df7845344c8cb9de
    stage_version: 1
    input_digest: sum256:eee587b93b513db68a94e4504b3b3889674acc40a5e46c0c54fee23a54728030
    document_digest: sum256:788618598f38ef3a5a957d6a209a5461d0e56df39b75d0b787f9923fecbab04e
    records_in: 45770
    records_out: 6938
  oss:
    config_hash: sha256:251baebbc90134c386dcb9c6630aaad6e682617e250667f8df7845344c8cb9de
    stage_version: 1
    input_digest: sum256:4c7e1d3d9057be3ef2665a4065ef34cc227f08ff6da691b711250f1032ee4fe7
    document_digest: sum256:3c52a6f39e47bc0c8ac1c6219cf228ab9cc31a25b107c10213e75b59264d701b
    records_in: 89082
    records_out: 22767
  siparl:
    config_hash: sha256:251baebbc90134c386dcb9c6630aaad6e682617e250667f8df7845344c8cb9de
    stage_version: 1
    input_digest: sum256:6b4774c07abfc87d8ae25bc5493b6c5872bb729246624a9d8edca2ce8b9cb296
    document_digest: sum256:abf4bf424de2e830599e2b0f240b7a6db60ac7aaa9285b869c5fa0eb56b7e2b5
    records_in: 1122032
    records_out: 673792
  kzb:
    config_hash: sha256:251baebbc90134c386dcb9c6630aaad6e682617e250667f8df7845344c8cb9de
    stage_version: 1
    input_digest: sum256:254c2bac59c48bb8ad527e200f2fced21ae6f30cbcbb79841860916701cd40ea
    document_digest: sum256:3a631dcac626e203903c8becab51f561fe4d476398f2a8c847fce528cc5d7610
    records_in: 1544
    records_out: 984
  solar:
    config_hash: sha256:251baebbc90134c386dcb9c6630aaad6e682617e250667f8df7845344c8cb9de
    stage_version: 1
    input_digest: sum256:3e1bf33e86ec195063e940e7a510ec245a8d9aa4861a4db861b38117664491ac
    document_digest: sum256:7bdc1035fba8a5bea921deca25d678efdd7a7be2762ef7bb19543ddc2b9de4b0
    records_in: 21670
    records_out: 19320
  finepdf:
    config_hash: sha256:251baebbc90134c386dcb9c6630aaad6e682617e250667f8df7845344c8cb9de
    stage_version: 1
    input_digest: sum256:1874227de78290838d7b092b605e9c2140113376af6206456921edff88b1d879
    document_digest: sum256:dd5c0fe3dade8f694cb63f41c0abd2cba7d5782d53ca999b61204bd637b88715
    records_in: 912087
    records_out: 345328
  fineweb2:
    config_hash: sha256:251baebbc90134c386dcb9c6630aaad6e682617e250667f8df7845344c8cb9de
    stage_version: 1
    input_digest: sum256:41059e986c25d78dbc8432038bbe0d25038d62244c317a639ab6e740ead84191
    document_digest: sum256:ff968221854cb6a3d2e8971f44714b30d3d827b4303a1d212c67fa3db5539cdf
    records_in: 11571574
    records_out: 10334050
  culturax:
    config_hash: sha256:251baebbc90134c386dcb9c6630aaad6e682617e250667f8df7845344c8cb9de
    stage_version: 1
    input_digest: sum256:5a2ac86c213b16404c08357b9de77d6907858da8a4697544ceb1c9ba977198d4
    document_digest: sum256:d227bd8214775553fd50b76ec4ddc46b1be3d3d4760c2481b0acba39034980c1
    records_in: 7237427
    records_out: 5917220
  legal_mc4:
    config_hash: sha256:251baebbc90134c386dcb9c6630aaad6e682617e250667f8df7845344c8cb9de
    stage_version: 1
    input_digest: sum256:77a4f188fe523f3a506b83e9dd191873065f0d08d6804118e79f992368e24d32
    document_digest: sum256:a69a85473d00993c6bda891b421925f0187e7984eb9e2b99865ff8b36556825e
    records_in: 31644
    records_out: 24678
  slovenian_news:
    config_hash: sha256:2780c52cf481c848c9d225aa4f4396ed5fb4012aea43243a235a2509d52766c4
    stage_version: 1
    input_digest: sum256:0693b59fad1ae14a9bda8f6f4f94af6fd29ee9f4753db069a19608eeca720b12
    document_digest: sum256:a613468705cf46c556ee230010abca300531ae3f01ffad491c061edd435cd62e
    records_in: 3484737
    records_out: 2445732
  c4:
    config_hash: sha256:251baebbc90134c386dcb9c6630aaad6e682617e250667f8df7845344c8cb9de
    stage_version: 1
    input_digest: sum256:e8a2e6046246fd918941ef6d0cd9c1924a3d86d3b7bd67f02047d08f081b15b6
    document_digest: sum256:d79f77cc7a0a0358cd7f38ef10770729e4961fe501500122eccd0a010684380e
    records_in: 7823195
    records_out: 4324031
  hplt:
    config_hash: sha256:251baebbc90134c386dcb9c6630aaad6e682617e250667f8df7845344c8cb9de
    stage_version: 1
    input_digest: sum256:b941e0849890d4116657ce22f5b4f2b7ca1fb8e0f7ed38e4716327b232fd47b0
    document_digest: sum256:e01a5e7c628ce00303883ff6ef6baa52c9f45ac59607f076e64a04196fbd8c79
    records_in: 10096054
    records_out: 7307001
  cc100:
    config_hash: sha256:251baebbc90134c386dcb9c6630aaad6e682617e250667f8df7845344c8cb9de
    stage_version: 1
    input_digest: sum256:511c5e1a91a87d5533817d57bf2982dabf52e89ab3c85b8f251d418816f21198
    document_digest: sum256:f1623e88b3d0539ebd4c542a86a2945f5bc14731c7e02090e1071d6f3e20b52a
    records_in: 5835558
    records_out: 3250227
  gigafida:
    config_hash: sha256:251baebbc90134c386dcb9c6630aaad6e682617e250667f8df7845344c8cb9de
    stage_version: 1
    input_digest: sum256:4c08e67d56bea6dfae4a6c756eaadfbdcd51d572be1f1e9836edf6c206995fae
    document_digest: sum256:761a808bbe51f29f3a9aa51ed81354f2daa7513f66e20626377ec02491de6e24
    records_in: 720906
    records_out: 618365
  ssj500k:
    config_hash: sha256:251baebbc90134c386dcb9c6630aaad6e682617e250667f8df7845344c8cb9de
    stage_version: 1
    input_digest: sum256:a4d6395374d58cf1cb1e8fe20254550fa57ce9a30c8ebfc49feda153a271a0ce
    document_digest: sum256:c2626bd887607aeb32ea5ac4ba330729fc82051a1ec37bd4761c7c83cead240a
    records_in: 3280
    records_out: 2812
  suk:
    config_hash: sha256:251baebbc90134c386dcb9c6630aaad6e682617e250667f8df7845344c8cb9de
    stage_version: 1
    input_digest: sum256:24f23606a6ed1e8879beb2538cc8039d886aff6ff2448ff927f00acdd53c0a5c
    document_digest: sum256:92aa40aee07836eb8a21211e82079d9c684e70dfa70c7ba96425c721686df038
    records_in: 11512
    records_out: 9612
repetition:
  classla_web_sl:
    config_hash: sha256:68e9e86b6926cc2b37df96b5e61bb8cabdab276272bb73f6767e420c3ead0663
    stage_version: 1
    input_digest: sum256:7bf9d5fd6085df78f89e99f15194e64e955cdea34fa5eda5204e44d49b3bff90
    document_digest: sum256:5ec4975172cf0690e4815463b542c484b48d89eac058b203402bb147e2a39a0c
    records_in: 3954198
    records_out: 3880041
  classlawiki_sl:
    config_hash: sha256:68e9e86b6926cc2b37df96b5e61bb8cabdab276272bb73f6767e420c3ead0663
    stage_version: 1
    input_digest: sum256:7f161d79dd34d1e09e6cd71a3abd77bbc8921b93b99f44d5a3023245c890130e
    document_digest: sum256:6759409b290999ed9f6fb0abf2753e6a6c1b90abbca8cd67a97b8f90e262c57a
    records_in: 60017
    records_out: 51273
  macocu_sl:
    config_hash: sha256:68e9e86b6926cc2b37df96b5e61bb8cabdab276272bb73f6767e420c3ead0663
    stage_version: 1
    input_digest: sum256:ab56257f2555f9ec3b4e4ca12ddfe35d492383d37f735d77987f2d8a59461cc5
    document_digest: sum256:a83e55b90c054721065bb97abdc4019e1caae9fed3cc603ea7443a6b6f5ac6c4
    records_in: 4257617
    records_out: 4030871
  parlamint_si:
    config_hash: sha256:68e9e86b6926cc2b37df96b5e61bb8cabdab276272bb73f6767e420c3ead0663
    stage_version: 1
    input_digest: sum256:386be8a2d45b31e85e7d0cb7dba0249be732661499fea91d8af375022e4abdd1
    document_digest: sum256:bc04a237e9f266f70d1cc27ed4e158c4d16376bf70aa5c35108c2ae118a12311
    records_in: 169944
    records_out: 166656
  kas:
    config_hash: sha256:68e9e86b6926cc2b37df96b5e61bb8cabdab276272bb73f6767e420c3ead0663
    stage_version: 1
    input_digest: sum256:4bd5dde9b35bb862badef3b1112b0b33585911959b7b5f2288fd3129d2646697
    document_digest: sum256:985e96379d285f4230676e33ad852cc53434db2eb3325d10af089ab6d8bcf4d4
    records_in: 52738
    records_out: 51934
  coleslaw:
    config_hash: sha256:68e9e86b6926cc2b37df96b5e61bb8cabdab276272bb73f6767e420c3ead0663
    stage_version: 1
    input_digest: sum256:0c61e8f5c03c87c891ba2274108a82e7e28be638e1ff26ccc2c740ef39e2aaa6
    document_digest: sum256:a6324ac0bc8973ab292ad4a10589cfb46df84eeabb8d75d39900905143564ac7
    records_in: 276912
    records_out: 239389
  povejmo_vemo_med:
    config_hash: sha256:68e9e86b6926cc2b37df96b5e61bb8cabdab276272bb73f6767e420c3ead0663
    stage_version: 1
    input_digest: sum256:788618598f38ef3a5a957d6a209a5461d0e56df39b75d0b787f9923fecbab04e
    document_digest: sum256:24a9a424d3c6e0b9d9d9ef3df6fda3dbcac1d984dd0f710cb2aa46ffc0f77ec2
    records_in: 6938
    records_out: 2216
  oss:
    config_hash: sha256:68e9e86b6926cc2b37df96b5e61bb8cabdab276272bb73f6767e420c3ead0663
    stage_version: 1
    input_digest: sum256:3c52a6f39e47bc0c8ac1c6219cf228ab9cc31a25b107c10213e75b59264d701b
    document_digest: sum256:161abc5772330907716df7d44f6cfa829febac0e66c63fd7e1c4148091e53b63
    records_in: 22767
    records_out: 21274
  siparl:
    config_hash: sha256:68e9e86b6926cc2b37df96b5e61bb8cabdab276272bb73f6767e420c3ead0663
    stage_version: 1
    input_digest: sum256:abf4bf424de2e830599e2b0f240b7a6db60ac7aaa9285b869c5fa0eb56b7e2b5
    document_digest: sum256:40816b9e53db0e8ab99775df2f7a2060d2e9417e9d13d92236be48d7167576e4
    records_in: 673792
    records_out: 655486
  kzb:
    config_hash: sha256:68e9e86b6926cc2b37df96b5e61bb8cabdab276272bb73f6767e420c3ead0663
    stage_version: 1
    input_digest: sum256:3a631dcac626e203903c8becab51f561fe4d476398f2a8c847fce528cc5d7610
    document_digest: sum256:5b69425a0129233877988c4e0f8f52599dc739a319fefc8bcd33bdf412d772a0
    records_in: 984
    records_out: 970
  solar:
    config_hash: sha256:68e9e86b6926cc2b37df96b5e61bb8cabdab276272bb73f6767e420c3ead0663
    stage_version: 1
    input_digest: sum256:7bdc1035fba8a5bea921deca25d678efdd7a7be2762ef7bb19543ddc2b9de4b0
    document_digest: sum256:a0088cb91c98de73a7a51c7a8cd952fe3c497be474b15be18ecb642e5f71450a
    records_in: 19320
    records_out: 19170
  finepdf:
    config_hash: sha256:68e9e86b6926cc2b37df96b5e61bb8cabdab276272bb73f6767e420c3ead0663
    stage_version: 1
    input_digest: sum256:dd5c0fe3dade8f694cb63f41c0abd2cba7d5782d53ca999b61204bd637b88715
    document_digest: sum256:4f902d972e8a9f803a81c48a378702d297e71509028a9a7262fd416b3afcab1b
    records_in: 345328
    records_out: 315738
  fineweb2:
    config_hash: sha256:68e9e86b6926cc2b37df96b5e61bb8cabdab276272bb73f6767e420c3ead0663
    stage_version: 1
    input_digest: sum256:ff968221854cb6a3d2e8971f44714b30d3d827b4303a1d212c67fa3db5539cdf
    document_digest: sum256:2d182c9f65792cc2cd79fda42006b4ed9d84d7857bb9a2b30c950f04699c3fc0
    records_in: 10334050
    records_out: 10269616
  culturax:
    config_hash: sha256:68e9e86b6926cc2b37df96b5e61bb8cabdab276272bb73f6767e420c3ead0663
    stage_version: 1
    input_digest: sum256:d227bd8214775553fd50b76ec4ddc46b1be3d3d4760c2481b0acba39034980c1
    document_digest: sum256:fc8e2a197c5209c6e9721fa6dabb4f1d6c022a259e3fe5c5b53af001c97e4d6e
    records_in: 5917220
    records_out: 5869525
  legal_mc4:
    config_hash: sha256:68e9e86b6926cc2b37df96b5e61bb8cabdab276272bb73f6767e420c3ead0663
    stage_version: 1
    input_digest: sum256:a69a85473d00993c6bda891b421925f0187e7984eb9e2b99865ff8b36556825e
    document_digest: sum256:df49016f9c636f04cf20648af261c2ad3b8d36122835c0cce789eacbb257a4a6
    records_in: 24678
    records_out: 22266
  slovenian_news:
    config_hash: sha256:68e9e86b6926cc2b37df96b5e61bb8cabdab276272bb73f6767e420c3ead0663
    stage_version: 1
    input_digest: sum256:a613468705cf46c556ee230010abca300531ae3f01ffad491c061edd435cd62e
    document_digest: sum256:33e56f9c4539eec1fc8643437c448d56bede3d3634d1c2e3d36ea3d46e7018f4
    records_in: 2445732
    records_out: 2428811
  c4:
    config_hash: sha256:68e9e86b6926cc2b37df96b5e61bb8cabdab276272bb73f6767e420c3ead0663
    stage_version: 1
    input_digest: sum256:d79f77cc7a0a0358cd7f38ef10770729e4961fe501500122eccd0a010684380e
    document_digest: sum256:3f06766482aa4afb08c7314bc8dbd1514c08a43878ea6f6bdb0bbe439f125ca1
    records_in: 4324031
    records_out: 4034929
  hplt:
    config_hash: sha256:68e9e86b6926cc2b37df96b5e61bb8cabdab276272bb73f6767e420c3ead0663
    stage_version: 1
    input_digest: sum256:e01a5e7c628ce00303883ff6ef6baa52c9f45ac59607f076e64a04196fbd8c79
    document_digest: sum256:bc2277274b1a6811d3d8693bb143d58c09c1a623ec004ab2c1d6eadf168d4a36
    records_in: 7307001
    records_out: 6937326
  cc100:
    config_hash: sha256:68e9e86b6926cc2b37df96b5e61bb8cabdab276272bb73f6767e420c3ead0663
    stage_version: 1
    input_digest: sum256:f1623e88b3d0539ebd4c542a86a2945f5bc14731c7e02090e1071d6f3e20b52a
    document_digest: sum256:588d2eb43fcf081733471865ea92a436ec186cb410a0d7bbe9d991ec8d316257
    records_in: 3250227
    records_out: 3010402
  gigafida:
    config_hash: sha256:68e9e86b6926cc2b37df96b5e61bb8cabdab276272bb73f6767e420c3ead0663
    stage_version: 1
    input_digest: sum256:761a808bbe51f29f3a9aa51ed81354f2daa7513f66e20626377ec02491de6e24
    document_digest: sum256:0cc4515a3d9033d485c39701c2f674e3990602cdf7cd98597d6c0b97feffb3e0
    records_in: 618365
    records_out: 615600
  ssj500k:
    config_hash: sha256:68e9e86b6926cc2b37df96b5e61bb8cabdab276272bb73f6767e420c3ead0663
    stage_version: 1
    input_digest: sum256:c2626bd887607aeb32ea5ac4ba330729fc82051a1ec37bd4761c7c83cead240a
    document_digest: sum256:a0df7b318a8c4886864a190d8062ad2cdfa9491c87e9fba293960b30049cbeba
    records_in: 2812
    records_out: 2790
  suk:
    config_hash: sha256:68e9e86b6926cc2b37df96b5e61bb8cabdab276272bb73f6767e420c3ead0663
    stage_version: 1
    input_digest: sum256:92aa40aee07836eb8a21211e82079d9c684e70dfa70c7ba96425c721686df038
    document_digest: sum256:33b282412d3d35089d9d82ed9710ebef6b18b066b78bd3756650c3a15b9e8564
    records_in: 9612
    records_out: 9344
exact_dedup:
  config_hash: sha256:2c84a256a0437af988cee25b44370a319986bba230565f5b389f93b58f2c49b2
  stage_version: 1
  input_digest: sha256:6d808585678c00dbcbde24e4d35ec4fc1ca7061446dcd3ba6b4aef13bfec577d
  document_digest: sum256:741504c3741455d61fae6652f950b587db12fdbede71a5df29bff627f1a17aa0
  records_in: 42623493
  records_out: 38363230
sentence_dedup:
  config_hash: sha256:15b4731e082b1b3b2d3ac51afd4476a881ad5d698abaf9a092b8255d60856374
  stage_version: 1
  input_digest: sum256:741504c3741455d61fae6652f950b587db12fdbede71a5df29bff627f1a17aa0
  document_digest: sum256:007d9ff84c1340d95f814b9a609b232af9065b35b926055ecae67d4694b677df
  records_in: 38363230
  records_out: 28819405
statistics:
  config_hash: sha256:c2f72af17ebb1522fcf8af1c972028f9f156a08072b5fd61dc22a0767dc5c2b1
  stage_version: 1
  input_digest: sum256:007d9ff84c1340d95f814b9a609b232af9065b35b926055ecae67d4694b677df
  document_digest: null
  records_in: 28819405
  records_out: 0
